
Microsoft Visual Studio Solution File, Format Version 12.00
# Visual Studio Version 17
VisualStudioVersion = 17.12.35410.144
MinimumVisualStudioVersion = 10.0.40219.1
Project("{FAE04EC0-301F-11D3-BF4B-00C04F79EFBC}") = "CakeBuild", "CakeBuild\CakeBuild.csproj", "{169F6AF0-148C-499C-AF5B-3F20AC60EFE9}"
EndProject
Project("{FAE04EC0-301F-11D3-BF4B-00C04F79EFBC}") = "MareLib", "MareLib\MareLib.csproj", "{8047FF66-EF78-4265-BB96-03E196A36F90}"
EndProject
Project("{2150E333-8FDC-42A3-9474-1A3956D46DE8}") = "Solution Items", "Solution Items", "{7D400217-B796-4D01-A039-6897A0B8DCA1}"
	ProjectSection(SolutionItems) = preProject
		.editorconfig = .editorconfig
	EndProjectSection
EndProject
Project("{FAE04EC0-301F-11D3-BF4B-00C04F79EFBC}") = "Foundry", "Foundry\Foundry.csproj", "{4C6C8A87-0738-4004-B841-0854CF5ABEA8}"
EndProject
Global
	GlobalSection(SolutionConfigurationPlatforms) = preSolution
		Debug|Any CPU = Debug|Any CPU
		Release|Any CPU = Release|Any CPU
	EndGlobalSection
	GlobalSection(ProjectConfigurationPlatforms) = postSolution
		{169F6AF0-148C-499C-AF5B-3F20AC60EFE9}.Debug|Any CPU.ActiveCfg = Debug|Any CPU
		{169F6AF0-148C-499C-AF5B-3F20AC60EFE9}.Debug|Any CPU.Build.0 = Debug|Any CPU
		{169F6AF0-148C-499C-AF5B-3F20AC60EFE9}.Release|Any CPU.ActiveCfg = Release|Any CPU
		{169F6AF0-148C-499C-AF5B-3F20AC60EFE9}.Release|Any CPU.Build.0 = Release|Any CPU
		{8047FF66-EF78-4265-BB96-03E196A36F90}.Debug|Any CPU.ActiveCfg = Debug|Any CPU
		{8047FF66-EF78-4265-BB96-03E196A36F90}.Debug|Any CPU.Build.0 = Debug|Any CPU
		{8047FF66-EF78-4265-BB96-03E196A36F90}.Release|Any CPU.ActiveCfg = Release|Any CPU
		{8047FF66-EF78-4265-BB96-03E196A36F90}.Release|Any CPU.Build.0 = Release|Any CPU
		{4C6C8A87-0738-4004-B841-0854CF5ABEA8}.Debug|Any CPU.ActiveCfg = Debug|Any CPU
		{4C6C8A87-0738-4004-B841-0854CF5ABEA8}.Debug|Any CPU.Build.0 = Debug|Any CPU
		{4C6C8A87-0738-4004-B841-0854CF5ABEA8}.Release|Any CPU.ActiveCfg = Release|Any CPU
		{4C6C8A87-0738-4004-B841-0854CF5ABEA8}.Release|Any CPU.Build.0 = Release|Any CPU
	EndGlobalSection
	GlobalSection(SolutionProperties) = preSolution
		HideSolutionNode = FALSE
	EndGlobalSection
EndGlobal
